// !$*UTF8*$!
{
	archiveVersion = 1;
	classes = {
	};
	objectVersion = 46;
	objects = {

/* Begin PBXBuildFile section */
		CE0014C321F9724900F45824 /* TestViewController.m in Sources */ = {isa = PBXBuildFile; fileRef = CE0014C221F9724900F45824 /* TestViewController.m */; };
		CE41A1851B05E3DA0008EC16 /* main.m in Sources */ = {isa = PBXBuildFile; fileRef = CE41A1841B05E3DA0008EC16 /* main.m */; };
		CE41A1881B05E3DA0008EC16 /* AppDelegate.m in Sources */ = {isa = PBXBuildFile; fileRef = CE41A1871B05E3DA0008EC16 /* AppDelegate.m */; };
		CE41A18B1B05E3DA0008EC16 /* ViewController.m in Sources */ = {isa = PBXBuildFile; fileRef = CE41A18A1B05E3DA0008EC16 /* ViewController.m */; };
		CE41A18E1B05E3DA0008EC16 /* Main.storyboard in Resources */ = {isa = PBXBuildFile; fileRef = CE41A18C1B05E3DA0008EC16 /* Main.storyboard */; };
		CE41A1901B05E3DA0008EC16 /* Images.xcassets in Resources */ = {isa = PBXBuildFile; fileRef = CE41A18F1B05E3DA0008EC16 /* Images.xcassets */; };
		CE41A1931B05E3DA0008EC16 /* LaunchScreen.xib in Resources */ = {isa = PBXBuildFile; fileRef = CE41A1911B05E3DA0008EC16 /* LaunchScreen.xib */; };
		CE41A19F1B05E3DA0008EC16 /* gitTestAppTests.m in Sources */ = {isa = PBXBuildFile; fileRef = CE41A19E1B05E3DA0008EC16 /* gitTestAppTests.m */; };
/* End PBXBuildFile section */

/* Begin PBXContainerItemProxy section */
		CE41A1991B05E3DA0008EC16 /* PBXContainerItemProxy */ = {
			isa = PBXContainerItemProxy;
			containerPortal = CE41A1771B05E3DA0008EC16 /* Project object */;
			proxyType = 1;
			remoteGlobalIDString = CE41A17E1B05E3DA0008EC16;
			remoteInfo = gitTestApp;
		};
/* End PBXContainerItemProxy section */

/* Begin PBXFileReference section */
		CE0014C121F9724900F45824 /* TestViewController.h */ = {isa = PBXFileReference; fileEncoding = 4; lastKnownFileType = sourcecode.c.h; path = TestViewController.h; sourceTree = "<group>"; };
		CE0014C221F9724900F45824 /* TestViewController.m */ = {isa = PBXFileReference; fileEncoding = 4; lastKnownFileType = sourcecode.c.objc; path = TestViewController.m; sourceTree = "<group>"; };
		CE41A17F1B05E3DA0008EC16 /* gitTestApp.app */ = {isa = PBXFileReference; explicitFileType = wrapper.application; includeInIndex = 0; path = gitTestApp.app; sourceTree = BUILT_PRODUCTS_DIR; };
		CE41A1831B05E3DA0008EC16 /* Info.plist */ = {isa = PBXFileReference; lastKnownFileType = text.plist.xml; path = Info.plist; sourceTree = "<group>"; };
		CE41A1841B05E3DA0008EC16 /* main.m */ = {isa = PBXFileReference; lastKnownFileType = sourcecode.c.objc; path = main.m; sourceTree = "<group>"; };
		CE41A1861B05E3DA0008EC16 /* AppDelegate.h */ = {isa = PBXFileReference; lastKnownFileType = sourcecode.c.h; path = AppDelegate.h; sourceTree = "<group>"; };
		CE41A1871B05E3DA0008EC16 /* AppDelegate.m */ = {isa = PBXFileReference; lastKnownFileType = sourcecode.c.objc; path = AppDelegate.m; sourceTree = "<group>"; };
		CE41A1891B05E3DA0008EC16 /* ViewController.h */ = {isa = PBXFileReference; lastKnownFileType = sourcecode.c.h; path = ViewController.h; sourceTree = "<group>"; };
		CE41A18A1B05E3DA0008EC16 /* ViewController.m */ = {isa = PBXFileReference; lastKnownFileType = sourcecode.c.objc; path = ViewController.m; sourceTree = "<group>"; };
		CE41A18D1B05E3DA0008EC16 /* Base */ = {isa = PBXFileReference; lastKnownFileType = file.storyboard; name = Base; path = Base.lproj/Main.storyboard; sourceTree = "<group>"; };
		CE41A18F1B05E3DA0008EC16 /* Images.xcassets */ = {isa = PBXFileReference; lastKnownFileType = folder.assetcatalog; path = Images.xcassets; sourceTree = "<group>"; };
		CE41A1921B05E3DA0008EC16 /* Base */ = {isa = PBXFileReference; lastKnownFileType = file.xib; name = Base; path = Base.lproj/LaunchScreen.xib; sourceTree = "<group>"; };
		CE41A1981B05E3DA0008EC16 /* gitTestAppTests.xctest */ = {isa = PBXFileReference; explicitFileType = wrapper.cfbundle; includeInIndex = 0; path = gitTestAppTests.xctest; sourceTree = BUILT_PRODUCTS_DIR; };
		CE41A19D1B05E3DA0008EC16 /* Info.plist */ = {isa = PBXFileReference; lastKnownFileType = text.plist.xml; path = Info.plist; sourceTree = "<group>"; };
		CE41A19E1B05E3DA0008EC16 /* gitTestAppTests.m */ = {isa = PBXFileReference; lastKnownFileType = sourcecode.c.objc; path = gitTestAppTests.m; sourceTree = "<group>"; };
/* End PBXFileReference section */

/* Begin PBXFrameworksBuildPhase section */
		CE41A17C1B05E3DA0008EC16 /* Frameworks */ = {
			isa = PBXFrameworksBuildPhase;
			buildActionMask = 2147483647;
			files = (
			);
			runOnlyForDeploymentPostprocessing = 0;
		};
		CE41A1951B05E3DA0008EC16 /* Frameworks */ = {
			isa = PBXFrameworksBuildPhase;
			buildActionMask = 2147483647;
			files = (
			);
			runOnlyForDeploymentPostprocessing = 0;
		};
/* End PBXFrameworksBuildPhase section */

/* Begin PBXGroup section */
		CE41A1761B05E3DA0008EC16 = {
			isa = PBXGroup;
			children = (
				CE41A1811B05E3DA0008EC16 /* gitTestApp */,
				CE41A19B1B05E3DA0008EC16 /* gitTestAppTests */,
				CE41A1801B05E3DA0008EC16 /* Products */,
			);
			sourceTree = "<group>";
		};
		CE41A1801B05E3DA0008EC16 /* Products */ = {
			isa = PBXGroup;
			children = (
				CE41A17F1B05E3DA0008EC16 /* gitTestApp.app */,
				CE41A1981B05E3DA0008EC16 /* gitTestAppTests.xctest */,
			);
			name = Products;
			sourceTree = "<group>";
		};
		CE41A1811B05E3DA0008EC16 /* gitTestApp */ = {
			isa = PBXGroup;
			children = (
				CE0014C121F9724900F45824 /* TestViewController.h */,
				CE0014C221F9724900F45824 /* TestViewController.m */,
				CE41A1861B05E3DA0008EC16 /* AppDelegate.h */,
				CE41A1871B05E3DA0008EC16 /* AppDelegate.m */,
				CE41A1891B05E3DA0008EC16 /* ViewController.h */,
				CE41A18A1B05E3DA0008EC16 /* ViewController.m */,
				CE41A18C1B05E3DA0008EC16 /* Main.storyboard */,
				CE41A18F1B05E3DA0008EC16 /* Images.xcassets */,
				CE41A1911B05E3DA0008EC16 /* LaunchScreen.xib */,
				CE41A1821B05E3DA0008EC16 /* Supporting Files */,
			);
			path = gitTestApp;
			sourceTree = "<group>";
		};
		CE41A1821B05E3DA0008EC16 /* Supporting Files */ = {
			isa = PBXGroup;
			children = (
				CE41A1831B05E3DA0008EC16 /* Info.plist */,
				CE41A1841B05E3DA0008EC16 /* main.m */,
			);
			name = "Supporting Files";
			sourceTree = "<group>";
		};
		CE41A19B1B05E3DA0008EC16 /* gitTestAppTests */ = {
			isa = PBXGroup;
			children = (
				CE41A19E1B05E3DA0008EC16 /* gitTestAppTests.m */,
				CE41A19C1B05E3DA0008EC16 /* Supporting Files */,
			);
			path = gitTestAppTests;
			sourceTree = "<group>";
		};
		CE41A19C1B05E3DA0008EC16 /* Supporting Files */ = {
			isa = PBXGroup;
			children = (
				CE41A19D1B05E3DA0008EC16 /* Info.plist */,
			);
			name = "Supporting Files";
			sourceTree = "<group>";
		};
/* End PBXGroup section */

/* Begin PBXNativeTarget section */
		CE41A17E1B05E3DA0008EC16 /* gitTestApp */ = {
			isa = PBXNativeTarget;
			buildConfigurationList = CE41A1A21B05E3DA0008EC16 /* Build configuration list for PBXNativeTarget "gitTestApp" */;
			buildPhases = (
				CE41A17B1B05E3DA0008EC16 /* Sources */,
				CE41A17C1B05E3DA0008EC16 /* Frameworks */,
				CE41A17D1B05E3DA0008EC16 /* Resources */,
			);
			buildRules = (
			);
			dependencies = (
			);
			name = gitTestApp;
			productName = gitTestApp;
			productReference = CE41A17F1B05E3DA0008EC16 /* gitTestApp.app */;
			productType = "com.apple.product-type.application";
		};
		CE41A1971B05E3DA0008EC16 /* gitTestAppTests */ = {
			isa = PBXNativeTarget;
			buildConfigurationList = CE41A1A51B05E3DA0008EC16 /* Build configuration list for PBXNativeTarget "gitTestAppTests" */;
			buildPhases = (
				CE41A1941B05E3DA0008EC16 /* Sources */,
				CE41A1951B05E3DA0008EC16 /* Frameworks */,
				CE41A1961B05E3DA0008EC16 /* Resources */,
			);
			buildRules = (
			);
			dependencies = (
				CE41A19A1B05E3DA0008EC16 /* PBXTargetDependency */,
			);
			name = gitTestAppTests;
			productName = gitTestAppTests;
			productReference = CE41A1981B05E3DA0008EC16 /* gitTestAppTests.xctest */;
			productType = "com.apple.product-type.bundle.unit-test";
		};
/* End PBXNativeTarget section */

/* Begin PBXProject section */
		CE41A1771B05E3DA0008EC16 /* Project object */ = {
			isa = PBXProject;
			attributes = {
				LastUpgradeCheck = 0630;
				ORGANIZATIONNAME = user;
				TargetAttributes = {
					CE41A17E1B05E3DA0008EC16 = {
						CreatedOnToolsVersion = 6.3.1;
					};
					CE41A1971B05E3DA0008EC16 = {
						CreatedOnToolsVersion = 6.3.1;
						TestTargetID = CE41A17E1B05E3DA0008EC16;
					};
				};
			};
			buildConfigurationList = CE41A17A1B05E3DA0008EC16 /* Build configuration list for PBXProject "gitTestApp" */;
			compatibilityVersion = "Xcode 3.2";
			developmentRegion = English;
			hasScannedForEncodings = 0;
			knownRegions = (
				en,
				Base,
			);
			mainGroup = CE41A1761B05E3DA0008EC16;
			productRefGroup = CE41A1801B05E3DA0008EC16 /* Products */;
			projectDirPath = "";
			projectRoot = "";
			targets = (
				CE41A17E1B05E3DA0008EC16 /* gitTestApp */,
				CE41A1971B05E3DA0008EC16 /* gitTestAppTests */,
			);
		};
/* End PBXProject section */

/* Begin PBXResourcesBuildPhase section */
		CE41A17D1B05E3DA0008EC16 /* Resources */ = {
			isa = PBXResourcesBuildPhase;
			buildActionMask = 2147483647;
			files = (
				CE41A18E1B05E3DA0008EC16 /* Main.storyboard in Resources */,
				CE41A1931B05E3DA0008EC16 /* LaunchScreen.xib in Resources */,
				CE41A1901B05E3DA0008EC16 /* Images.xcassets in Resources */,
			);
			runOnlyForDeploymentPostprocessing = 0;
		};
		CE41A1961B05E3DA0008EC16 /* Resources */ = {
			isa = PBXResourcesBuildPhase;
			buildActionMask = 2147483647;
			files = (
			);
			runOnlyForDeploymentPostprocessing = 0;
		};
/* End PBXResourcesBuildPhase section */

/* Begin PBXSourcesBuildPhase section */
		CE41A17B1B05E3DA0008EC16 /* Sources */ = {
			isa = PBXSourcesBuildPhase;
			buildActionMask = 2147483647;
			files = (
				CE41A18B1B05E3DA0008EC16 /* ViewController.m in Sources */,
				CE41A1881B05E3DA0008EC16 /* AppDelegate.m in Sources */,
				CE0014C321F9724900F45824 /* TestViewController.m in Sources */,
				CE41A1851B05E3DA0008EC16 /* main.m in Sources */,
			);
			runOnlyForDeploymentPostprocessing = 0;
		};
		CE41A1941B05E3DA0008EC16 /* Sources */ = {
			isa = PBXSourcesBuildPhase;
			buildActionMask = 2147483647;
			files = (
				CE41A19F1B05E3DA0008EC16 /* gitTestAppTests.m in Sources */,
			);
			runOnlyForDeploymentPostprocessing = 0;
		};
/* End PBXSourcesBuildPhase section */

/* Begin PBXTargetDependency section */
		CE41A19A1B05E3DA0008EC16 /* PBXTargetDependency */ = {
			isa = PBXTargetDependency;
			target = CE41A17E1B05E3DA0008EC16 /* gitTestApp */;
			targetProxy = CE41A1991B05E3DA0008EC16 /* PBXContainerItemProxy */;
		};
/* End PBXTargetDependency section */

/* Begin PBXVariantGroup section */
		CE41A18C1B05E3DA0008EC16 /* Main.storyboard */ = {
			isa = PBXVariantGroup;
			children = (
				CE41A18D1B05E3DA0008EC16 /* Base */,
			);
			name = Main.storyboard;
			sourceTree = "<group>";
		};
		CE41A1911B05E3DA0008EC16 /* LaunchScreen.xib */ = {
			isa = PBXVariantGroup;
			children = (
				CE41A1921B05E3DA0008EC16 /* Base */,
			);
			name = LaunchScreen.xib;
			sourceTree = "<group>";
		};
/* End PBXVariantGroup section */

/* Begin XCBuildConfiguration section */
		CE41A1A01B05E3DA0008EC16 /* Debug */ = {
			isa = XCBuildConfiguration;
			buildSettings = {
				ALWAYS_SEARCH_USER_PATHS = NO;
				CLANG_CXX_LANGUAGE_STANDARD = "gnu++0x";
				CLANG_CXX_LIBRARY = "libc++";
				CLANG_ENABLE_MODULES = YES;
				CLANG_ENABLE_OBJC_ARC = YES;
				CLANG_WARN_BOOL_CONVERSION = YES;
				CLANG_WARN_CONSTANT_CONVERSION = YES;
				CLANG_WARN_DIRECT_OBJC_ISA_USAGE = YES_ERROR;
				CLANG_WARN_EMPTY_BODY = YES;
				CLANG_WARN_ENUM_CONVERSION = YES;
				CLANG_WARN_INT_CONVERSION = YES;
				CLANG_WARN_OBJC_ROOT_CLASS = YES_ERROR;
				CLANG_WARN_UNREACHABLE_CODE = YES;
				CLANG_WARN__DUPLICATE_METHOD_MATCH = YES;
				"CODE_SIGN_IDENTITY[sdk=iphoneos*]" = "iPhone Developer";
				COPY_PHASE_STRIP = NO;
				DEBUG_INFORMATION_FORMAT = "dwarf-with-dsym";
				ENABLE_STRICT_OBJC_MSGSEND = YES;
				GCC_C_LANGUAGE_STANDARD = gnu99;
				GCC_DYNAMIC_NO_PIC = NO;
				GCC_NO_COMMON_BLOCKS = YES;
				GCC_OPTIMIZATION_LEVEL = 0;
				GCC_PREPROCESSOR_DEFINITIONS = (
					"DEBUG=1",
					"$(inherited)",
				);
				GCC_SYMBOLS_PRIVATE_EXTERN = NO;
				GCC_WARN_64_TO_32_BIT_CONVERSION = YES;
				GCC_WARN_ABOUT_RETURN_TYPE = YES_ERROR;
				GCC_WARN_UNDECLARED_SELECTOR = YES;
				GCC_WARN_UNINITIALIZED_AUTOS = YES_AGGRESSIVE;
				GCC_WARN_UNUSED_FUNCTION = YES;
				GCC_WARN_UNUSED_VARIABLE = YES;
				IPHONEOS_DEPLOYMENT_TARGET = 8.3;
				MTL_ENABLE_DEBUG_INFO = YES;
				ONLY_ACTIVE_ARCH = YES;
				SDKROOT = iphoneos;
			};
			name = Debug;
		};
		CE41A1A11B05E3DA0008EC16 /* Release */ = {
			isa = XCBuildConfiguration;
			buildSettings = {
				ALWAYS_SEARCH_USER_PATHS = NO;
				CLANG_CXX_LANGUAGE_STANDARD = "gnu++0x";
				CLANG_CXX_LIBRARY = "libc++";
				CLANG_ENABLE_MODULES = YES;
				CLANG_ENABLE_OBJC_ARC = YES;
				CLANG_WARN_BOOL_CONVERSION = YES;
				CLANG_WARN_CONSTANT_CONVERSION = YES;
				CLANG_WARN_DIRECT_OBJC_ISA_USAGE = YES_ERROR;
				CLANG_WARN_EMPTY_BODY = YES;
				CLANG_WARN_ENUM_CONVERSION = YES;
				CLANG_WARN_INT_CONVERSION = YES;
				CLANG_WARN_OBJC_ROOT_CLASS = YES_ERROR;
				CLANG_WARN_UNREACHABLE_CODE = YES;
				CLANG_WARN__DUPLICATE_METHOD_MATCH = YES;
				"CODE_SIGN_IDENTITY[sdk=iphoneos*]" = "iPhone Developer";
				COPY_PHASE_STRIP = NO;
				DEBUG_INFORMATION_FORMAT = "dwarf-with-dsym";
				ENABLE_NS_ASSERTIONS = NO;
				ENABLE_STRICT_OBJC_MSGSEND = YES;
				GCC_C_LANGUAGE_STANDARD = gnu99;
				GCC_NO_COMMON_BLOCKS = YES;
				GCC_WARN_64_TO_32_BIT_CONVERSION = YES;
				GCC_WARN_ABOUT_RETURN_TYPE = YES_ERROR;
				GCC_WARN_UNDECLARED_SELECTOR = YES;
				GCC_WARN_UNINITIALIZED_AUTOS = YES_AGGRESSIVE;
				GCC_WARN_UNUSED_FUNCTION = YES;
				GCC_WARN_UNUSED_VARIABLE = YES;
				IPHONEOS_DEPLOYMENT_TARGET = 8.3;
				MTL_ENABLE_DEBUG_INFO = NO;
				SDKROOT = iphoneos;
				VALIDATE_PRODUCT = YES;
			};
			name = Release;
		};
		CE41A1A31B05E3DA0008EC16 /* Debug */ = {
			isa = XCBuildConfiguration;
			buildSettings = {
				ASSETCATALOG_COMPILER_APPICON_NAME = AppIcon;
				INFOPLIST_FILE = gitTestApp/Info.plist;
				LD_RUNPATH_SEARCH_PATHS = "$(inherited) @executable_path/Frameworks";
				PRODUCT_NAME = "$(TARGET_NAME)";
			};
			name = Debug;
		};
		CE41A1A41B05E3DA0008EC16 /* Release */ = {
			isa = XCBuildConfiguration;
			buildSettings = {
				ASSETCATALOG_COMPILER_APPICON_NAME = AppIcon;
				INFOPLIST_FILE = gitTestApp/Info.plist;
				LD_RUNPATH_SEARCH_PATHS = "$(inherited) @executable_path/Frameworks";
				PRODUCT_NAME = "$(TARGET_NAME)";
			};
			name = Release;
		};
		CE41A1A61B05E3DA0008EC16 /* Debug */ = {
			isa = XCBuildConfiguration;
			buildSettings = {
				BUNDLE_LOADER = "$(TEST_HOST)";
				FRAMEWORK_SEARCH_PATHS = (
					"$(SDKROOT)/Developer/Library/Frameworks",
					"$(inherited)",
				);
				GCC_PREPROCESSOR_DEFINITIONS = (
					"DEBUG=1",
					"$(inherited)",
				);
				INFOPLIST_FILE = gitTestAppTests/Info.plist;
				LD_RUNPATH_SEARCH_PATHS = "$(inherited) @executable_path/Frameworks @loader_path/Frameworks";
				PRODUCT_NAME = "$(TARGET_NAME)";
				TEST_HOST = "$(BUILT_PRODUCTS_DIR)/gitTestApp.app/gitTestApp";
			};
			name = Debug;
		};
		CE41A1A71B05E3DA0008EC16 /* Release */ = {
			isa = XCBuildConfiguration;
			buildSettings = {
				BUNDLE_LOADER = "$(TEST_HOST)";
				FRAMEWORK_SEARCH_PATHS = (
					"$(SDKROOT)/Developer/Library/Frameworks",
					"$(inherited)",
				);
				INFOPLIST_FILE = gitTestAppTests/Info.plist;
				LD_RUNPATH_SEARCH_PATHS = "$(inherited) @executable_path/Frameworks @loader_path/Frameworks";
				PRODUCT_NAME = "$(TARGET_NAME)";
				TEST_HOST = "$(BUILT_PRODUCTS_DIR)/gitTestApp.app/gitTestApp";
			};
			name = Release;
		};
/* End XCBuildConfiguration section */

/* Begin XCConfigurationList section */
		CE41A17A1B05E3DA0008EC16 /* Build configuration list for PBXProject "gitTestApp" */ = {
			isa = XCConfigurationList;
			buildConfigurations = (
				CE41A1A01B05E3DA0008EC16 /* Debug */,
				CE41A1A11B05E3DA0008EC16 /* Release */,
			);
			defaultConfigurationIsVisible = 0;
			defaultConfigurationName = Release;
		};
		CE41A1A21B05E3DA0008EC16 /* Build configuration list for PBXNativeTarget "gitTestApp" */ = {
			isa = XCConfigurationList;
			buildConfigurations = (
				CE41A1A31B05E3DA0008EC16 /* Debug */,
				CE41A1A41B05E3DA0008EC16 /* Release */,
			);
			defaultConfigurationIsVisible = 0;
			defaultConfigurationName = Release;
		};
		CE41A1A51B05E3DA0008EC16 /* Build configuration list for PBXNativeTarget "gitTestAppTests" */ = {
			isa = XCConfigurationList;
			buildConfigurations = (
				CE41A1A61B05E3DA0008EC16 /* Debug */,
				CE41A1A71B05E3DA0008EC16 /* Release */,
			);
			defaultConfigurationIsVisible = 0;
			defaultConfigurationName = Release;
		};
/* End XCConfigurationList section */
	};
	rootObject = CE41A1771B05E3DA0008EC16 /* Project object */;
}
